{
  "name": "angular-form-model",
  "version": "0.0.5",
  "lockfileVersion": 1,
  "requires": true,
  "dependencies": {
    "@angular/common": {
      "version": "7.2.4",
      "resolved": "https://registry.npmjs.org/@angular/common/-/common-7.2.4.tgz",
      "integrity": "sha512-3/i8RtnLTx/90gJHk5maE8zwsSiHgHvLItaa0qVfNlWiU0eCId/PL6TgDkut5vN9SQYL0oxhxFaVd35HmwsmuQ==",
      "dev": true,
      "requires": {
        "tslib": "1.10.0"
      }
    },
    "@angular/compiler": {
      "version": "7.2.4",
      "resolved": "https://registry.npmjs.org/@angular/compiler/-/compiler-7.2.4.tgz",
      "integrity": "sha512-+zyMzPCL45ePEV9nrnYJvhAVgp2Y19bDaq0f0YdZAqAjgDqHzXGGR6wX8GueyJWmUYWx5vwK6Apla4HwDrYA1w==",
      "dev": true,
      "requires": {
        "tslib": "1.10.0"
      }
    },
    "@angular/core": {
      "version": "7.2.4",
      "resolved": "https://registry.npmjs.org/@angular/core/-/core-7.2.4.tgz",
      "integrity": "sha512-kfAxhIxl89PmB7y81FR/RAv0yWRFcEYxEnTwV+o8jKGfemAXtQ0g/Vh+lJR0SD/TBgFilMxotN1mhwH4A8GShw==",
      "dev": true,
      "requires": {
        "tslib": "1.10.0"
      }
    },
    "@angular/forms": {
      "version": "7.2.4",
      "resolved": "https://registry.npmjs.org/@angular/forms/-/forms-7.2.4.tgz",
      "integrity": "sha512-DAtOrdlTRsgvmZrsvczCAkY8dhTwZb5DXBmPuSXh0UR9lvEiCgNHGbwEiIiIkAHpw1wSeXZrq0qyy/oJRvf18g==",
      "dev": true,
      "requires": {
        "tslib": "1.10.0"
      }
    },
    "core-js": {
      "version": "2.6.9",
      "resolved": "https://registry.npmjs.org/core-js/-/core-js-2.6.9.tgz",
      "integrity": "sha512-HOpZf6eXmnl7la+cUdMnLvUxKNqLUzJvgIziQ0DiF3JwSImNphIqdGqzj6hIKyX04MmV0poclQ7+wjWvxQyR2A==",
      "dev": true
    },
    "marked": {
      "version": "0.3.19",
      "resolved": "https://registry.npmjs.org/marked/-/marked-0.3.19.tgz",
      "integrity": "sha512-ea2eGWOqNxPcXv8dyERdSr/6FmzvWwzjMxpfGB/sbMccXoct+xY+YukPD+QTUZwyvK7BZwcr4m21WBOW41pAkg==",
      "dev": true
    },
    "rxjs": {
      "version": "6.5.2",
      "resolved": "https://registry.npmjs.org/rxjs/-/rxjs-6.5.2.tgz",
      "integrity": "sha512-HUb7j3kvb7p7eCUHE3FqjoDsC1xfZQ4AHFWfTKSpZ+sAhhz5X1WX0ZuUqWbzB2QhSLp3DoLUG+hMdEDKqWo2Zg==",
      "dev": true,
      "requires": {
        "tslib": "1.10.0"
      }
    },
    "tslib": {
      "version": "1.10.0",
      "resolved": "https://registry.npmjs.org/tslib/-/tslib-1.10.0.tgz",
      "integrity": "sha512-qOebF53frne81cf0S9B41ByenJ3/IuH8yJKngAX35CmiZySA0khhkovshKK+jGCaMnVomla7gVlIcc3EvKPbTQ==",
      "dev": true
    },
    "zone.js": {
      "version": "0.8.29",
      "resolved": "https://registry.npmjs.org/zone.js/-/zone.js-0.8.29.tgz",
      "integrity": "sha512-mla2acNCMkWXBD+c+yeUrBUrzOxYMNFdQ6FGfigGGtEVBPJx07BQeJekjt9DmH1FtZek4E9rE1eRR9qQpxACOQ==",
      "dev": true
    }
  }
}
